
Microsoft Visual Studio Solution File, Format Version 12.00
# Visual Studio Version 17
VisualStudioVersion = 17.0.31903.59
MinimumVisualStudioVersion = 10.0.40219.1
Project("{2150E333-8FDC-42A3-9474-1A3956D46DE8}") = "src", "src", "{827E0CD3-B72D-47B6-A68D-7590B98EB39B}"
EndProject
Project("{FAE04EC0-301F-11D3-BF4B-00C04F79EFBC}") = "FootballIQ.Domain", "src\FootballIQ.Domain\FootballIQ.Domain.csproj", "{98216FFB-4802-49E7-9F39-19A234745917}"
EndProject
Project("{FAE04EC0-301F-11D3-BF4B-00C04F79EFBC}") = "FootballIQ.Application", "src\FootballIQ.Application\FootballIQ.Application.csproj", "{0F07FD28-6047-41FE-B202-DC6EE4744533}"
EndProject
Project("{FAE04EC0-301F-11D3-BF4B-00C04F79EFBC}") = "FootballIQ.Infrastructure", "src\FootballIQ.Infrastructure\FootballIQ.Infrastructure.csproj", "{D333DF40-38C2-40CD-AE38-EEC84AE9FD20}"
EndProject
Project("{FAE04EC0-301F-11D3-BF4B-00C04F79EFBC}") = "FootballIQ.WebAPI", "src\FootballIQ.WebAPI\FootballIQ.WebAPI.csproj", "{30E0A12B-C512-471F-8CE8-E973B45D39D2}"
EndProject
Project("{2150E333-8FDC-42A3-9474-1A3956D46DE8}") = "tests", "tests", "{0AB3BF05-4346-4AA6-1389-037BE0695223}"
EndProject
Project("{FAE04EC0-301F-11D3-BF4B-00C04F79EFBC}") = "FootballIQ.Domain.Tests", "tests\FootballIQ.Domain.Tests\FootballIQ.Domain.Tests.csproj", "{1952360A-F425-4F00-9CE0-1E64D7857E74}"
EndProject
Project("{FAE04EC0-301F-11D3-BF4B-00C04F79EFBC}") = "FootballIQ.Application.Tests", "tests\FootballIQ.Application.Tests\FootballIQ.Application.Tests.csproj", "{67970444-E3B2-4A87-96C6-1F9A3DAD4C38}"
EndProject
Project("{FAE04EC0-301F-11D3-BF4B-00C04F79EFBC}") = "FootballIQ.Infrastructure.Tests", "tests\FootballIQ.Infrastructure.Tests\FootballIQ.Infrastructure.Tests.csproj", "{6EB09B92-9B2B-4FFE-8AA3-AF358B3562FD}"
EndProject
Project("{FAE04EC0-301F-11D3-BF4B-00C04F79EFBC}") = "FootballIQ.WebAPI.Tests", "tests\FootballIQ.WebAPI.Tests\FootballIQ.WebAPI.Tests.csproj", "{F97D6BAE-F8F6-4DBB-BAB9-6C670A4AB03C}"
EndProject
Global
	GlobalSection(SolutionConfigurationPlatforms) = preSolution
		Debug|Any CPU = Debug|Any CPU
		Debug|x64 = Debug|x64
		Debug|x86 = Debug|x86
		Release|Any CPU = Release|Any CPU
		Release|x64 = Release|x64
		Release|x86 = Release|x86
	EndGlobalSection
	GlobalSection(ProjectConfigurationPlatforms) = postSolution
		{98216FFB-4802-49E7-9F39-19A234745917}.Debug|Any CPU.ActiveCfg = Debug|Any CPU
		{98216FFB-4802-49E7-9F39-19A234745917}.Debug|Any CPU.Build.0 = Debug|Any CPU
		{98216FFB-4802-49E7-9F39-19A234745917}.Debug|x64.ActiveCfg = Debug|Any CPU
		{98216FFB-4802-49E7-9F39-19A234745917}.Debug|x64.Build.0 = Debug|Any CPU
		{98216FFB-4802-49E7-9F39-19A234745917}.Debug|x86.ActiveCfg = Debug|Any CPU
		{98216FFB-4802-49E7-9F39-19A234745917}.Debug|x86.Build.0 = Debug|Any CPU
		{98216FFB-4802-49E7-9F39-19A234745917}.Release|Any CPU.ActiveCfg = Release|Any CPU
		{98216FFB-4802-49E7-9F39-19A234745917}.Release|Any CPU.Build.0 = Release|Any CPU
		{98216FFB-4802-49E7-9F39-19A234745917}.Release|x64.ActiveCfg = Release|Any CPU
		{98216FFB-4802-49E7-9F39-19A234745917}.Release|x64.Build.0 = Release|Any CPU
		{98216FFB-4802-49E7-9F39-19A234745917}.Release|x86.ActiveCfg = Release|Any CPU
		{98216FFB-4802-49E7-9F39-19A234745917}.Release|x86.Build.0 = Release|Any CPU
		{0F07FD28-6047-41FE-B202-DC6EE4744533}.Debug|Any CPU.ActiveCfg = Debug|Any CPU
		{0F07FD28-6047-41FE-B202-DC6EE4744533}.Debug|Any CPU.Build.0 = Debug|Any CPU
		{0F07FD28-6047-41FE-B202-DC6EE4744533}.Debug|x64.ActiveCfg = Debug|Any CPU
		{0F07FD28-6047-41FE-B202-DC6EE4744533}.Debug|x64.Build.0 = Debug|Any CPU
		{0F07FD28-6047-41FE-B202-DC6EE4744533}.Debug|x86.ActiveCfg = Debug|Any CPU
		{0F07FD28-6047-41FE-B202-DC6EE4744533}.Debug|x86.Build.0 = Debug|Any CPU
		{0F07FD28-6047-41FE-B202-DC6EE4744533}.Release|Any CPU.ActiveCfg = Release|Any CPU
		{0F07FD28-6047-41FE-B202-DC6EE4744533}.Release|Any CPU.Build.0 = Release|Any CPU
		{0F07FD28-6047-41FE-B202-DC6EE4744533}.Release|x64.ActiveCfg = Release|Any CPU
		{0F07FD28-6047-41FE-B202-DC6EE4744533}.Release|x64.Build.0 = Release|Any CPU
		{0F07FD28-6047-41FE-B202-DC6EE4744533}.Release|x86.ActiveCfg = Release|Any CPU
		{0F07FD28-6047-41FE-B202-DC6EE4744533}.Release|x86.Build.0 = Release|Any CPU
		{D333DF40-38C2-40CD-AE38-EEC84AE9FD20}.Debug|Any CPU.ActiveCfg = Debug|Any CPU
		{D333DF40-38C2-40CD-AE38-EEC84AE9FD20}.Debug|Any CPU.Build.0 = Debug|Any CPU
		{D333DF40-38C2-40CD-AE38-EEC84AE9FD20}.Debug|x64.ActiveCfg = Debug|Any CPU
		{D333DF40-38C2-40CD-AE38-EEC84AE9FD20}.Debug|x64.Build.0 = Debug|Any CPU
		{D333DF40-38C2-40CD-AE38-EEC84AE9FD20}.Debug|x86.ActiveCfg = Debug|Any CPU
		{D333DF40-38C2-40CD-AE38-EEC84AE9FD20}.Debug|x86.Build.0 = Debug|Any CPU
		{D333DF40-38C2-40CD-AE38-EEC84AE9FD20}.Release|Any CPU.ActiveCfg = Release|Any CPU
		{D333DF40-38C2-40CD-AE38-EEC84AE9FD20}.Release|Any CPU.Build.0 = Release|Any CPU
		{D333DF40-38C2-40CD-AE38-EEC84AE9FD20}.Release|x64.ActiveCfg = Release|Any CPU
		{D333DF40-38C2-40CD-AE38-EEC84AE9FD20}.Release|x64.Build.0 = Release|Any CPU
		{D333DF40-38C2-40CD-AE38-EEC84AE9FD20}.Release|x86.ActiveCfg = Release|Any CPU
		{D333DF40-38C2-40CD-AE38-EEC84AE9FD20}.Release|x86.Build.0 = Release|Any CPU
		{30E0A12B-C512-471F-8CE8-E973B45D39D2}.Debug|Any CPU.ActiveCfg = Debug|Any CPU
		{30E0A12B-C512-471F-8CE8-E973B45D39D2}.Debug|Any CPU.Build.0 = Debug|Any CPU
		{30E0A12B-C512-471F-8CE8-E973B45D39D2}.Debug|x64.ActiveCfg = Debug|Any CPU
		{30E0A12B-C512-471F-8CE8-E973B45D39D2}.Debug|x64.Build.0 = Debug|Any CPU
		{30E0A12B-C512-471F-8CE8-E973B45D39D2}.Debug|x86.ActiveCfg = Debug|Any CPU
		{30E0A12B-C512-471F-8CE8-E973B45D39D2}.Debug|x86.Build.0 = Debug|Any CPU
		{30E0A12B-C512-471F-8CE8-E973B45D39D2}.Release|Any CPU.ActiveCfg = Release|Any CPU
		{30E0A12B-C512-471F-8CE8-E973B45D39D2}.Release|Any CPU.Build.0 = Release|Any CPU
		{30E0A12B-C512-471F-8CE8-E973B45D39D2}.Release|x64.ActiveCfg = Release|Any CPU
		{30E0A12B-C512-471F-8CE8-E973B45D39D2}.Release|x64.Build.0 = Release|Any CPU
		{30E0A12B-C512-471F-8CE8-E973B45D39D2}.Release|x86.ActiveCfg = Release|Any CPU
		{30E0A12B-C512-471F-8CE8-E973B45D39D2}.Release|x86.Build.0 = Release|Any CPU
		{1952360A-F425-4F00-9CE0-1E64D7857E74}.Debug|Any CPU.ActiveCfg = Debug|Any CPU
		{1952360A-F425-4F00-9CE0-1E64D7857E74}.Debug|Any CPU.Build.0 = Debug|Any CPU
		{1952360A-F425-4F00-9CE0-1E64D7857E74}.Debug|x64.ActiveCfg = Debug|Any CPU
		{1952360A-F425-4F00-9CE0-1E64D7857E74}.Debug|x64.Build.0 = Debug|Any CPU
		{1952360A-F425-4F00-9CE0-1E64D7857E74}.Debug|x86.ActiveCfg = Debug|Any CPU
		{1952360A-F425-4F00-9CE0-1E64D7857E74}.Debug|x86.Build.0 = Debug|Any CPU
		{1952360A-F425-4F00-9CE0-1E64D7857E74}.Release|Any CPU.ActiveCfg = Release|Any CPU
		{1952360A-F425-4F00-9CE0-1E64D7857E74}.Release|Any CPU.Build.0 = Release|Any CPU
		{1952360A-F425-4F00-9CE0-1E64D7857E74}.Release|x64.ActiveCfg = Release|Any CPU
		{1952360A-F425-4F00-9CE0-1E64D7857E74}.Release|x64.Build.0 = Release|Any CPU
		{1952360A-F425-4F00-9CE0-1E64D7857E74}.Release|x86.ActiveCfg = Release|Any CPU
		{1952360A-F425-4F00-9CE0-1E64D7857E74}.Release|x86.Build.0 = Release|Any CPU
		{67970444-E3B2-4A87-96C6-1F9A3DAD4C38}.Debug|Any CPU.ActiveCfg = Debug|Any CPU
		{67970444-E3B2-4A87-96C6-1F9A3DAD4C38}.Debug|Any CPU.Build.0 = Debug|Any CPU
		{67970444-E3B2-4A87-96C6-1F9A3DAD4C38}.Debug|x64.ActiveCfg = Debug|Any CPU
		{67970444-E3B2-4A87-96C6-1F9A3DAD4C38}.Debug|x64.Build.0 = Debug|Any CPU
		{67970444-E3B2-4A87-96C6-1F9A3DAD4C38}.Debug|x86.ActiveCfg = Debug|Any CPU
		{67970444-E3B2-4A87-96C6-1F9A3DAD4C38}.Debug|x86.Build.0 = Debug|Any CPU
		{67970444-E3B2-4A87-96C6-1F9A3DAD4C38}.Release|Any CPU.ActiveCfg = Release|Any CPU
		{67970444-E3B2-4A87-96C6-1F9A3DAD4C38}.Release|Any CPU.Build.0 = Release|Any CPU
		{67970444-E3B2-4A87-96C6-1F9A3DAD4C38}.Release|x64.ActiveCfg = Release|Any CPU
		{67970444-E3B2-4A87-96C6-1F9A3DAD4C38}.Release|x64.Build.0 = Release|Any CPU
		{67970444-E3B2-4A87-96C6-1F9A3DAD4C38}.Release|x86.ActiveCfg = Release|Any CPU
		{67970444-E3B2-4A87-96C6-1F9A3DAD4C38}.Release|x86.Build.0 = Release|Any CPU
		{6EB09B92-9B2B-4FFE-8AA3-AF358B3562FD}.Debug|Any CPU.ActiveCfg = Debug|Any CPU
		{6EB09B92-9B2B-4FFE-8AA3-AF358B3562FD}.Debug|Any CPU.Build.0 = Debug|Any CPU
		{6EB09B92-9B2B-4FFE-8AA3-AF358B3562FD}.Debug|x64.ActiveCfg = Debug|Any CPU
		{6EB09B92-9B2B-4FFE-8AA3-AF358B3562FD}.Debug|x64.Build.0 = Debug|Any CPU
		{6EB09B92-9B2B-4FFE-8AA3-AF358B3562FD}.Debug|x86.ActiveCfg = Debug|Any CPU
		{6EB09B92-9B2B-4FFE-8AA3-AF358B3562FD}.Debug|x86.Build.0 = Debug|Any CPU
		{6EB09B92-9B2B-4FFE-8AA3-AF358B3562FD}.Release|Any CPU.ActiveCfg = Release|Any CPU
		{6EB09B92-9B2B-4FFE-8AA3-AF358B3562FD}.Release|Any CPU.Build.0 = Release|Any CPU
		{6EB09B92-9B2B-4FFE-8AA3-AF358B3562FD}.Release|x64.ActiveCfg = Release|Any CPU
		{6EB09B92-9B2B-4FFE-8AA3-AF358B3562FD}.Release|x64.Build.0 = Release|Any CPU
		{6EB09B92-9B2B-4FFE-8AA3-AF358B3562FD}.Release|x86.ActiveCfg = Release|Any CPU
		{6EB09B92-9B2B-4FFE-8AA3-AF358B3562FD}.Release|x86.Build.0 = Release|Any CPU
		{F97D6BAE-F8F6-4DBB-BAB9-6C670A4AB03C}.Debug|Any CPU.ActiveCfg = Debug|Any CPU
		{F97D6BAE-F8F6-4DBB-BAB9-6C670A4AB03C}.Debug|Any CPU.Build.0 = Debug|Any CPU
		{F97D6BAE-F8F6-4DBB-BAB9-6C670A4AB03C}.Debug|x64.ActiveCfg = Debug|Any CPU
		{F97D6BAE-F8F6-4DBB-BAB9-6C670A4AB03C}.Debug|x64.Build.0 = Debug|Any CPU
		{F97D6BAE-F8F6-4DBB-BAB9-6C670A4AB03C}.Debug|x86.ActiveCfg = Debug|Any CPU
		{F97D6BAE-F8F6-4DBB-BAB9-6C670A4AB03C}.Debug|x86.Build.0 = Debug|Any CPU
		{F97D6BAE-F8F6-4DBB-BAB9-6C670A4AB03C}.Release|Any CPU.ActiveCfg = Release|Any CPU
		{F97D6BAE-F8F6-4DBB-BAB9-6C670A4AB03C}.Release|Any CPU.Build.0 = Release|Any CPU
		{F97D6BAE-F8F6-4DBB-BAB9-6C670A4AB03C}.Release|x64.ActiveCfg = Release|Any CPU
		{F97D6BAE-F8F6-4DBB-BAB9-6C670A4AB03C}.Release|x64.Build.0 = Release|Any CPU
		{F97D6BAE-F8F6-4DBB-BAB9-6C670A4AB03C}.Release|x86.ActiveCfg = Release|Any CPU
		{F97D6BAE-F8F6-4DBB-BAB9-6C670A4AB03C}.Release|x86.Build.0 = Release|Any CPU
	EndGlobalSection
	GlobalSection(SolutionProperties) = preSolution
		HideSolutionNode = FALSE
	EndGlobalSection
	GlobalSection(NestedProjects) = preSolution
		{98216FFB-4802-49E7-9F39-19A234745917} = {827E0CD3-B72D-47B6-A68D-7590B98EB39B}
		{0F07FD28-6047-41FE-B202-DC6EE4744533} = {827E0CD3-B72D-47B6-A68D-7590B98EB39B}
		{D333DF40-38C2-40CD-AE38-EEC84AE9FD20} = {827E0CD3-B72D-47B6-A68D-7590B98EB39B}
		{30E0A12B-C512-471F-8CE8-E973B45D39D2} = {827E0CD3-B72D-47B6-A68D-7590B98EB39B}
		{1952360A-F425-4F00-9CE0-1E64D7857E74} = {0AB3BF05-4346-4AA6-1389-037BE0695223}
		{67970444-E3B2-4A87-96C6-1F9A3DAD4C38} = {0AB3BF05-4346-4AA6-1389-037BE0695223}
		{6EB09B92-9B2B-4FFE-8AA3-AF358B3562FD} = {0AB3BF05-4346-4AA6-1389-037BE0695223}
		{F97D6BAE-F8F6-4DBB-BAB9-6C670A4AB03C} = {0AB3BF05-4346-4AA6-1389-037BE0695223}
	EndGlobalSection
EndGlobal
